
Microsoft Visual Studio Solution File, Format Version 12.00
# Visual Studio Version 17
VisualStudioVersion = 17.14.36908.2 d17.14
MinimumVisualStudioVersion = 10.0.40219.1
Project("{FAE04EC0-301F-11D3-BF4B-00C04F79EFBC}") = "Haven", "Haven.csproj", "{243FF846-E3AB-4D90-9C33-C0000D27CD7F}"
EndProject
Global
	GlobalSection(SolutionConfigurationPlatforms) = preSolution
		Debug|Any CPU = Debug|Any CPU
		Release|Any CPU = Release|Any CPU
	EndGlobalSection
	GlobalSection(ProjectConfigurationPlatforms) = postSolution
		{243FF846-E3AB-4D90-9C33-C0000D27CD7F}.Debug|Any CPU.ActiveCfg = Debug|Any CPU
		{243FF846-E3AB-4D90-9C33-C0000D27CD7F}.Debug|Any CPU.Build.0 = Debug|Any CPU
		{243FF846-E3AB-4D90-9C33-C0000D27CD7F}.Release|Any CPU.ActiveCfg = Release|Any CPU
		{243FF846-E3AB-4D90-9C33-C0000D27CD7F}.Release|Any CPU.Build.0 = Release|Any CPU
	EndGlobalSection
	GlobalSection(SolutionProperties) = preSolution
		HideSolutionNode = FALSE
	EndGlobalSection
	GlobalSection(ExtensibilityGlobals) = postSolution
		SolutionGuid = {5C9ED721-8980-4F2A-B12C-6CEDB6AF14BD}
	EndGlobalSection
EndGlobal
